{
  "version": "4",
  "remote": {
    "https://deno.land/std@0.168.0/async/abortable.ts": "80b2ac399f142cc528f95a037a7d0e653296352d95c681e284533765961de409",
    "https://deno.land/std@0.168.0/async/deadline.ts": "2c2deb53c7c28ca1dda7a3ad81e70508b1ebc25db52559de6b8636c9278fd41f",
    "https://deno.land/std@0.168.0/async/debounce.ts": "60301ffb37e730cd2d6f9dadfd0ecb2a38857681bd7aaf6b0a106b06e5210a98",
    "https://deno.land/std@0.168.0/async/deferred.ts": "77d3f84255c3627f1cc88699d8472b664d7635990d5358c4351623e098e917d6",
    "https://deno.land/std@0.168.0/async/delay.ts": "5a9bfba8de38840308a7a33786a0155a7f6c1f7a859558ddcec5fe06e16daf57",
    "https://deno.land/std@0.168.0/async/mod.ts": "7809ad4bb223e40f5fdc043e5c7ca04e0e25eed35c32c3c32e28697c553fa6d9",
    "https://deno.land/std@0.168.0/async/mux_async_iterator.ts": "770a0ff26c59f8bbbda6b703a2235f04e379f73238e8d66a087edc68c2a2c35f",
    "https://deno.land/std@0.168.0/async/pool.ts": "6854d8cd675a74c73391c82005cbbe4cc58183bddcd1fbbd7c2bcda42b61cf69",
    "https://deno.land/std@0.168.0/async/retry.ts": "e8e5173623915bbc0ddc537698fa418cf875456c347eda1ed453528645b42e67",
    "https://deno.land/std@0.168.0/async/tee.ts": "3a47cc4e9a940904fd4341f0224907e199121c80b831faa5ec2b054c6d2eff5e",
    "https://deno.land/std@0.168.0/http/server.ts": "e99c1bee8a3f6571ee4cdeb2966efad465b8f6fe62bec1bdb59c1f007cc4d155",
    "https://esm.sh/openai@4.26.0": "dd5886aef25ffb3367017ebea5a4a736b109baeab0f7b5dc5e5fe025799ff0e0",
    "https://esm.sh/openai@4.26.0/denonext/_shims/MultipartBody.mjs": "16b4ad2497c28192cb2b51bc5fe1ee252dd53afb6b72a6e8bd6dd6205ec6ba1a",
    "https://esm.sh/openai@4.26.0/denonext/_shims/auto/runtime.mjs": "e85b9408ddb48480232adce0d4448091c167342adea14b8fc294e84f399beabe",
    "https://esm.sh/openai@4.26.0/denonext/_shims/index.mjs": "f1ff526fe5fa42586b4c4e8b6eefcc2abfc3aac2b691d1b08f89d20b5ff84629",
    "https://esm.sh/openai@4.26.0/denonext/_shims/registry.mjs": "782e8fabb91f0f5981605bd3dacdceb93505f9e0972220199deed191e7221127",
    "https://esm.sh/openai@4.26.0/denonext/_shims/web-runtime.mjs": "cb33c4e26c34ccbf021dc9ce93f6c0b82e368440fc39e43fc6d605e40b184005",
    "https://esm.sh/openai@4.26.0/denonext/core.mjs": "1694dbc819b27f34501d71c2a38269e49f4097971c95315ea1abc479a456580a",
    "https://esm.sh/openai@4.26.0/denonext/error.mjs": "04923e22d9a172b40ec576a4a48873028a59a1ddf9c63bfafae0448939af805d",
    "https://esm.sh/openai@4.26.0/denonext/lib/AbstractChatCompletionRunner.mjs": "1155bc24addeb27bd3a28d53663465052c2013b4a891054172789453967a31e2",
    "https://esm.sh/openai@4.26.0/denonext/lib/ChatCompletionRunner.mjs": "481f74f9e132b458544554341aa319c53c0fd11407107c021ccdab48cc35dcff",
    "https://esm.sh/openai@4.26.0/denonext/lib/ChatCompletionStream.mjs": "81e472b8b86ee9c07a078c92689bd0daf074d8720c992ef882f6f6c6d9429da9",
    "https://esm.sh/openai@4.26.0/denonext/lib/ChatCompletionStreamingRunner.mjs": "a2608cfeea2e15a9e2b029b10d0c9c6af14c1e170319c73eac002804e74cb999",
    "https://esm.sh/openai@4.26.0/denonext/lib/RunnableFunction.mjs": "ec9095669f9d85102f7887a3e0d5241f78861d89453b8cea3cfea9c66e4fbea8",
    "https://esm.sh/openai@4.26.0/denonext/lib/chatCompletionUtils.mjs": "afd64fc95d8699b79e80dd93d3255c0001750c7859ac8cdb2107b414ba81de89",
    "https://esm.sh/openai@4.26.0/denonext/openai.mjs": "25d058b63d94aa1921ae1e130e219599bb8c76a8535d763d2bff3c9a27eab00a",
    "https://esm.sh/openai@4.26.0/denonext/pagination.mjs": "f9b7999702d77b0a5c0f7681c6ae91d4614291a30b6d71be34ceaf7bc6d0300e",
    "https://esm.sh/openai@4.26.0/denonext/resource.mjs": "1e7583f3692887424cf268b79d580c8d4b33ef2600c528b86572625f36127921",
    "https://esm.sh/openai@4.26.0/denonext/resources/audio/audio.mjs": "95657613d6518a08f071f8e8024e8049bc7eb091a21b02326a493f7f73fc4904",
    "https://esm.sh/openai@4.26.0/denonext/resources/audio/speech.mjs": "6e7a1ceccfbe3a6befc415f33d69e1092daafe789ec1711659da056c5c4e4b5d",
    "https://esm.sh/openai@4.26.0/denonext/resources/audio/transcriptions.mjs": "003d3fbf3473593bdd4626177597128d9928bde905059104e9586c91d4726b30",
    "https://esm.sh/openai@4.26.0/denonext/resources/audio/translations.mjs": "9ed3b3df48862c8cf334961dadee8b28c5654226d1cb0ab87ccacbfb5511e77a",
    "https://esm.sh/openai@4.26.0/denonext/resources/beta/assistants/assistants.mjs": "2442d42c0761b5ebaebef12ee8f40ca5a1a5397094ff6569cdaef1211d9a634e",
    "https://esm.sh/openai@4.26.0/denonext/resources/beta/assistants/files.mjs": "3523ad601dead162e2ab00e5e53706c1dd7618e0543e79bdd5afb5a31d2ba2cf",
    "https://esm.sh/openai@4.26.0/denonext/resources/beta/beta.mjs": "0cf17630f7d64a718bea905b28345f6e2c2f4945cad964d53d81500d5be18b37",
    "https://esm.sh/openai@4.26.0/denonext/resources/beta/chat/chat.mjs": "e18ed0696b016fc836264ece613590cefa22655e83e35010c990379f405a7877",
    "https://esm.sh/openai@4.26.0/denonext/resources/beta/chat/completions.mjs": "34c3f1e9aede63eb98e37d08be0aeb90dab92521888476d18575792488de836f",
    "https://esm.sh/openai@4.26.0/denonext/resources/beta/threads/messages/files.mjs": "4a387d7e9f379e7c243e9a07e1761f42393a813ac217f63670ede2f71ce629f2",
    "https://esm.sh/openai@4.26.0/denonext/resources/beta/threads/messages/messages.mjs": "e778f9770a915bfbf276022a611876a61f773b5d19768a73a7c30110d5d9e7dc",
    "https://esm.sh/openai@4.26.0/denonext/resources/beta/threads/runs/runs.mjs": "f46a0313fd3f8dd42ea50ebc30ea9603ad463068b6f02f1d4aca34704b9cf338",
    "https://esm.sh/openai@4.26.0/denonext/resources/beta/threads/runs/steps.mjs": "28f760915ed4d1d3f25ec0f6134acd9e65287ed066eac3fbfa2b983dde1215b8",
    "https://esm.sh/openai@4.26.0/denonext/resources/beta/threads/threads.mjs": "faded2db75e891a0e65a0e8ff8db2e7b24acf30894248cde1d206fc000794112",
    "https://esm.sh/openai@4.26.0/denonext/resources/chat/chat.mjs": "1433ab61811eede6104d76bbe3719260bad58fcd5acd252c8c0cc78e73ea79f8",
    "https://esm.sh/openai@4.26.0/denonext/resources/chat/completions.mjs": "dc12859e748be6aca85b1ba12c3c2862c6e30afeb6fd3ef886ce6633cb98183c",
    "https://esm.sh/openai@4.26.0/denonext/resources/chat/index.mjs": "30709a9b587f554b816697b92a700146d77642116e5cd3b2995d660159c199a2",
    "https://esm.sh/openai@4.26.0/denonext/resources/completions.mjs": "7a5dcb62212f64dd5cdea9b73a7ca707d8fe0e4947842ca8194d037a562f3efd",
    "https://esm.sh/openai@4.26.0/denonext/resources/embeddings.mjs": "01d9081ff2a6873de07140ac049db7ffa07ad1588f206eff579c06b91a5627d7",
    "https://esm.sh/openai@4.26.0/denonext/resources/files.mjs": "cd80733aaaa862d5418dca04062b2c27a4791f3470c0f8ead1304cda51c7a84c",
    "https://esm.sh/openai@4.26.0/denonext/resources/fine-tuning/fine-tuning.mjs": "f8749bc6dab2ab998504954e0bec17ee1e6979909942b1c2d540fee2833d28e0",
    "https://esm.sh/openai@4.26.0/denonext/resources/fine-tuning/jobs.mjs": "67cd71154bccf10bf9eddc8699915bd5cd7d32c19689f7389c90d966e76eee5a",
    "https://esm.sh/openai@4.26.0/denonext/resources/images.mjs": "77f28970b00ba282a9c968662e5b91be8fc68ac9631cdd11df98e51e355601bf",
    "https://esm.sh/openai@4.26.0/denonext/resources/index.mjs": "46d07768ca573f793225a913de11b98294315770549b63f9953b9777e7fe9d73",
    "https://esm.sh/openai@4.26.0/denonext/resources/models.mjs": "aa97941f40c7e5e2aefd81b973ef998314c9007d83f7f6d867c067931953a85c",
    "https://esm.sh/openai@4.26.0/denonext/resources/moderations.mjs": "e196af9d86e27b8b86f36335d61f29c5158cd0f474d170e959ed6319f5c26d4a",
    "https://esm.sh/openai@4.26.0/denonext/resources/shared.mjs": "abef3c007610f52c88ba8493a43a91f93089b491aac98563d06559568421d51d",
    "https://esm.sh/openai@4.26.0/denonext/streaming.mjs": "0a97769e13fb5214b4d2d992b89e39e037841bd0a05d2633bf2aeb1040e07dea",
    "https://esm.sh/openai@4.26.0/denonext/uploads.mjs": "ca693e6ed33a97288890603f8d9901a822564ed49d998d259b477a9127ae7534",
    "https://esm.sh/openai@4.26.0/denonext/version.mjs": "0796b8a1cd1696a96723f375403045efe4314697a9e23713004440c1d2a36fda"
  }
}
